
Microsoft Visual Studio Solution File, Format Version 12.00
# Visual Studio Version 17
VisualStudioVersion = 17.11.35222.181
MinimumVisualStudioVersion = 10.0.40219.1
Project("{9A19103F-16F7-4668-BE54-9A1E7A4F7556}") = "DataAccess", "DataAccess\DataAccess.csproj", "{CDC4BF66-31CB-4C6A-9F0E-3059E56CDB80}"
EndProject
Project("{9A19103F-16F7-4668-BE54-9A1E7A4F7556}") = "BusinessObject", "BusinessObject\BusinessObject.csproj", "{111716A0-EE03-44A1-9147-45BA36228FB2}"
EndProject
Project("{9A19103F-16F7-4668-BE54-9A1E7A4F7556}") = "eBookStoreWebAPI", "eBookStoreWebAPI\eBookStoreWebAPI.csproj", "{AD7FF19B-803B-4FBC-B9B1-71C72D2685F3}"
EndProject
Project("{9A19103F-16F7-4668-BE54-9A1E7A4F7556}") = "eBookStore", "eBookStore\eBookStore.csproj", "{B3F44322-0DE4-4DCB-ABD7-9B1D9E8C81E1}"
EndProject
Global
	GlobalSection(SolutionConfigurationPlatforms) = preSolution
		Debug|Any CPU = Debug|Any CPU
		Release|Any CPU = Release|Any CPU
	EndGlobalSection
	GlobalSection(ProjectConfigurationPlatforms) = postSolution
		{CDC4BF66-31CB-4C6A-9F0E-3059E56CDB80}.Debug|Any CPU.ActiveCfg = Debug|Any CPU
		{CDC4BF66-31CB-4C6A-9F0E-3059E56CDB80}.Debug|Any CPU.Build.0 = Debug|Any CPU
		{CDC4BF66-31CB-4C6A-9F0E-3059E56CDB80}.Release|Any CPU.ActiveCfg = Release|Any CPU
		{CDC4BF66-31CB-4C6A-9F0E-3059E56CDB80}.Release|Any CPU.Build.0 = Release|Any CPU
		{111716A0-EE03-44A1-9147-45BA36228FB2}.Debug|Any CPU.ActiveCfg = Debug|Any CPU
		{111716A0-EE03-44A1-9147-45BA36228FB2}.Debug|Any CPU.Build.0 = Debug|Any CPU
		{111716A0-EE03-44A1-9147-45BA36228FB2}.Release|Any CPU.ActiveCfg = Release|Any CPU
		{111716A0-EE03-44A1-9147-45BA36228FB2}.Release|Any CPU.Build.0 = Release|Any CPU
		{AD7FF19B-803B-4FBC-B9B1-71C72D2685F3}.Debug|Any CPU.ActiveCfg = Debug|Any CPU
		{AD7FF19B-803B-4FBC-B9B1-71C72D2685F3}.Debug|Any CPU.Build.0 = Debug|Any CPU
		{AD7FF19B-803B-4FBC-B9B1-71C72D2685F3}.Release|Any CPU.ActiveCfg = Release|Any CPU
		{AD7FF19B-803B-4FBC-B9B1-71C72D2685F3}.Release|Any CPU.Build.0 = Release|Any CPU
		{B3F44322-0DE4-4DCB-ABD7-9B1D9E8C81E1}.Debug|Any CPU.ActiveCfg = Debug|Any CPU
		{B3F44322-0DE4-4DCB-ABD7-9B1D9E8C81E1}.Debug|Any CPU.Build.0 = Debug|Any CPU
		{B3F44322-0DE4-4DCB-ABD7-9B1D9E8C81E1}.Release|Any CPU.ActiveCfg = Release|Any CPU
		{B3F44322-0DE4-4DCB-ABD7-9B1D9E8C81E1}.Release|Any CPU.Build.0 = Release|Any CPU
	EndGlobalSection
	GlobalSection(SolutionProperties) = preSolution
		HideSolutionNode = FALSE
	EndGlobalSection
	GlobalSection(ExtensibilityGlobals) = postSolution
		SolutionGuid = {03E5CFF0-02D3-4E0F-810C-B2D76427A2CB}
	EndGlobalSection
EndGlobal
